
Microsoft Visual Studio Solution File, Format Version 12.00
# Visual Studio 15
VisualStudioVersion = 15.0.28307.271
MinimumVisualStudioVersion = 10.0.40219.1
Project("{FAE04EC0-301F-11D3-BF4B-00C04F79EFBC}") = "inClassAssignment8", "inClassAssignment8\inClassAssignment8.csproj", "{6B440516-6448-4A97-89B2-5678E65059FE}"
EndProject
Global
	GlobalSection(SolutionConfigurationPlatforms) = preSolution
		Debug|Any CPU = Debug|Any CPU
		Release|Any CPU = Release|Any CPU
	EndGlobalSection
	GlobalSection(ProjectConfigurationPlatforms) = postSolution
		{6B440516-6448-4A97-89B2-5678E65059FE}.Debug|Any CPU.ActiveCfg = Debug|Any CPU
		{6B440516-6448-4A97-89B2-5678E65059FE}.Debug|Any CPU.Build.0 = Debug|Any CPU
		{6B440516-6448-4A97-89B2-5678E65059FE}.Release|Any CPU.ActiveCfg = Release|Any CPU
		{6B440516-6448-4A97-89B2-5678E65059FE}.Release|Any CPU.Build.0 = Release|Any CPU
	EndGlobalSection
	GlobalSection(SolutionProperties) = preSolution
		HideSolutionNode = FALSE
	EndGlobalSection
	GlobalSection(ExtensibilityGlobals) = postSolution
		SolutionGuid = {20BD133A-9E6E-4AD8-BF76-706D8F293B06}
	EndGlobalSection
EndGlobal
